// !$*UTF8*$!
{
	archiveVersion = 1;
	classes = {
	};
	objectVersion = 56;
	objects = {

/* Begin PBXBuildFile section */
		D4FC15762B3C337B00616353 /* TextApp.swift in Sources */ = {isa = PBXBuildFile; fileRef = D4FC15752B3C337B00616353 /* TextApp.swift */; };
		D4FC15782B3C337B00616353 /* ContentView.swift in Sources */ = {isa = PBXBuildFile; fileRef = D4FC15772B3C337B00616353 /* ContentView.swift */; };
		D4FC157A2B3C337C00616353 /* Assets.xcassets in Resources */ = {isa = PBXBuildFile; fileRef = D4FC15792B3C337C00616353 /* Assets.xcassets */; };
		D4FC157D2B3C337C00616353 /* Preview Assets.xcassets in Resources */ = {isa = PBXBuildFile; fileRef = D4FC157C2B3C337C00616353 /* Preview Assets.xcassets */; };
		D4FC15872B3C337C00616353 /* TextTests.swift in Sources */ = {isa = PBXBuildFile; fileRef = D4FC15862B3C337C00616353 /* TextTests.swift */; };
		D4FC15912B3C337C00616353 /* TextUITests.swift in Sources */ = {isa = PBXBuildFile; fileRef = D4FC15902B3C337C00616353 /* TextUITests.swift */; };
		D4FC15932B3C337C00616353 /* TextUITestsLaunchTests.swift in Sources */ = {isa = PBXBuildFile; fileRef = D4FC15922B3C337C00616353 /* TextUITestsLaunchTests.swift */; };
/* End PBXBuildFile section */

/* Begin PBXContainerItemProxy section */
		D4FC15832B3C337C00616353 /* PBXContainerItemProxy */ = {
			isa = PBXContainerItemProxy;
			containerPortal = D4FC156A2B3C337B00616353 /* Project object */;
			proxyType = 1;
			remoteGlobalIDString = D4FC15712B3C337B00616353;
			remoteInfo = Text;
		};
		D4FC158D2B3C337C00616353 /* PBXContainerItemProxy */ = {
			isa = PBXContainerItemProxy;
			containerPortal = D4FC156A2B3C337B00616353 /* Project object */;
			proxyType = 1;
			remoteGlobalIDString = D4FC15712B3C337B00616353;
			remoteInfo = Text;
		};
/* End PBXContainerItemProxy section */

/* Begin PBXFileReference section */
		D4FC15722B3C337B00616353 /* Text.app */ = {isa = PBXFileReference; explicitFileType = wrapper.application; includeInIndex = 0; path = Text.app; sourceTree = BUILT_PRODUCTS_DIR; };
		D4FC15752B3C337B00616353 /* TextApp.swift */ = {isa = PBXFileReference; lastKnownFileType = sourcecode.swift; path = TextApp.swift; sourceTree = "<group>"; };
		D4FC15772B3C337B00616353 /* ContentView.swift */ = {isa = PBXFileReference; lastKnownFileType = sourcecode.swift; path = ContentView.swift; sourceTree = "<group>"; };
		D4FC15792B3C337C00616353 /* Assets.xcassets */ = {isa = PBXFileReference; lastKnownFileType = folder.assetcatalog; path = Assets.xcassets; sourceTree = "<group>"; };
		D4FC157C2B3C337C00616353 /* Preview Assets.xcassets */ = {isa = PBXFileReference; lastKnownFileType = folder.assetcatalog; path = "Preview Assets.xcassets"; sourceTree = "<group>"; };
		D4FC15822B3C337C00616353 /* TextTests.xctest */ = {isa = PBXFileReference; explicitFileType = wrapper.cfbundle; includeInIndex = 0; path = TextTests.xctest; sourceTree = BUILT_PRODUCTS_DIR; };
		D4FC15862B3C337C00616353 /* TextTests.swift */ = {isa = PBXFileReference; lastKnownFileType = sourcecode.swift; path = TextTests.swift; sourceTree = "<group>"; };
		D4FC158C2B3C337C00616353 /* TextUITests.xctest */ = {isa = PBXFileReference; explicitFileType = wrapper.cfbundle; includeInIndex = 0; path = TextUITests.xctest; sourceTree = BUILT_PRODUCTS_DIR; };
		D4FC15902B3C337C00616353 /* TextUITests.swift */ = {isa = PBXFileReference; lastKnownFileType = sourcecode.swift; path = TextUITests.swift; sourceTree = "<group>"; };
		D4FC15922B3C337C00616353 /* TextUITestsLaunchTests.swift */ = {isa = PBXFileReference; lastKnownFileType = sourcecode.swift; path = TextUITestsLaunchTests.swift; sourceTree = "<group>"; };
/* End PBXFileReference section */

/* Begin PBXFrameworksBuildPhase section */
		D4FC156F2B3C337B00616353 /* Frameworks */ = {
			isa = PBXFrameworksBuildPhase;
			buildActionMask = 2147483647;
			files = (
			);
			runOnlyForDeploymentPostprocessing = 0;
		};
		D4FC157F2B3C337C00616353 /* Frameworks */ = {
			isa = PBXFrameworksBuildPhase;
			buildActionMask = 2147483647;
			files = (
			);
			runOnlyForDeploymentPostprocessing = 0;
		};
		D4FC15892B3C337C00616353 /* Frameworks */ = {
			isa = PBXFrameworksBuildPhase;
			buildActionMask = 2147483647;
			files = (
			);
			runOnlyForDeploymentPostprocessing = 0;
		};
/* End PBXFrameworksBuildPhase section */

/* Begin PBXGroup section */
		D4FC15692B3C337B00616353 = {
			isa = PBXGroup;
			children = (
				D4FC15742B3C337B00616353 /* Text */,
				D4FC15852B3C337C00616353 /* TextTests */,
				D4FC158F2B3C337C00616353 /* TextUITests */,
				D4FC15732B3C337B00616353 /* Products */,
			);
			sourceTree = "<group>";
		};
		D4FC15732B3C337B00616353 /* Products */ = {
			isa = PBXGroup;
			children = (
				D4FC15722B3C337B00616353 /* Text.app */,
				D4FC15822B3C337C00616353 /* TextTests.xctest */,
				D4FC158C2B3C337C00616353 /* TextUITests.xctest */,
			);
			name = Products;
			sourceTree = "<group>";
		};
		D4FC15742B3C337B00616353 /* Text */ = {
			isa = PBXGroup;
			children = (
				D4FC15752B3C337B00616353 /* TextApp.swift */,
				D4FC15772B3C337B00616353 /* ContentView.swift */,
				D4FC15792B3C337C00616353 /* Assets.xcassets */,
				D4FC157B2B3C337C00616353 /* Preview Content */,
			);
			path = Text;
			sourceTree = "<group>";
		};
		D4FC157B2B3C337C00616353 /* Preview Content */ = {
			isa = PBXGroup;
			children = (
				D4FC157C2B3C337C00616353 /* Preview Assets.xcassets */,
			);
			path = "Preview Content";
			sourceTree = "<group>";
		};
		D4FC15852B3C337C00616353 /* TextTests */ = {
			isa = PBXGroup;
			children = (
				D4FC15862B3C337C00616353 /* TextTests.swift */,
			);
			path = TextTests;
			sourceTree = "<group>";
		};
		D4FC158F2B3C337C00616353 /* TextUITests */ = {
			isa = PBXGroup;
			children = (
				D4FC15902B3C337C00616353 /* TextUITests.swift */,
				D4FC15922B3C337C00616353 /* TextUITestsLaunchTests.swift */,
			);
			path = TextUITests;
			sourceTree = "<group>";
		};
/* End PBXGroup section */

/* Begin PBXNativeTarget section */
		D4FC15712B3C337B00616353 /* Text */ = {
			isa = PBXNativeTarget;
			buildConfigurationList = D4FC15962B3C337C00616353 /* Build configuration list for PBXNativeTarget "Text" */;
			buildPhases = (
				D4FC156E2B3C337B00616353 /* Sources */,
				D4FC156F2B3C337B00616353 /* Frameworks */,
				D4FC15702B3C337B00616353 /* Resources */,
			);
			buildRules = (
			);
			dependencies = (
			);
			name = Text;
			productName = Text;
			productReference = D4FC15722B3C337B00616353 /* Text.app */;
			productType = "com.apple.product-type.application";
		};
		D4FC15812B3C337C00616353 /* TextTests */ = {
			isa = PBXNativeTarget;
			buildConfigurationList = D4FC15992B3C337C00616353 /* Build configuration list for PBXNativeTarget "TextTests" */;
			buildPhases = (
				D4FC157E2B3C337C00616353 /* Sources */,
				D4FC157F2B3C337C00616353 /* Frameworks */,
				D4FC15802B3C337C00616353 /* Resources */,
			);
			buildRules = (
			);
			dependencies = (
				D4FC15842B3C337C00616353 /* PBXTargetDependency */,
			);
			name = TextTests;
			productName = TextTests;
			productReference = D4FC15822B3C337C00616353 /* TextTests.xctest */;
			productType = "com.apple.product-type.bundle.unit-test";
		};
		D4FC158B2B3C337C00616353 /* TextUITests */ = {
			isa = PBXNativeTarget;
			buildConfigurationList = D4FC159C2B3C337C00616353 /* Build configuration list for PBXNativeTarget "TextUITests" */;
			buildPhases = (
				D4FC15882B3C337C00616353 /* Sources */,
				D4FC15892B3C337C00616353 /* Frameworks */,
				D4FC158A2B3C337C00616353 /* Resources */,
			);
			buildRules = (
			);
			dependencies = (
				D4FC158E2B3C337C00616353 /* PBXTargetDependency */,
			);
			name = TextUITests;
			productName = TextUITests;
			productReference = D4FC158C2B3C337C00616353 /* TextUITests.xctest */;
			productType = "com.apple.product-type.bundle.ui-testing";
		};
/* End PBXNativeTarget section */

/* Begin PBXProject section */
		D4FC156A2B3C337B00616353 /* Project object */ = {
			isa = PBXProject;
			attributes = {
				BuildIndependentTargetsInParallel = 1;
				LastSwiftUpdateCheck = 1510;
				LastUpgradeCheck = 1510;
				TargetAttributes = {
					D4FC15712B3C337B00616353 = {
						CreatedOnToolsVersion = 15.1;
					};
					D4FC15812B3C337C00616353 = {
						CreatedOnToolsVersion = 15.1;
						TestTargetID = D4FC15712B3C337B00616353;
					};
					D4FC158B2B3C337C00616353 = {
						CreatedOnToolsVersion = 15.1;
						TestTargetID = D4FC15712B3C337B00616353;
					};
				};
			};
			buildConfigurationList = D4FC156D2B3C337B00616353 /* Build configuration list for PBXProject "Text" */;
			compatibilityVersion = "Xcode 14.0";
			developmentRegion = en;
			hasScannedForEncodings = 0;
			knownRegions = (
				en,
				Base,
			);
			mainGroup = D4FC15692B3C337B00616353;
			productRefGroup = D4FC15732B3C337B00616353 /* Products */;
			projectDirPath = "";
			projectRoot = "";
			targets = (
				D4FC15712B3C337B00616353 /* Text */,
				D4FC15812B3C337C00616353 /* TextTests */,
				D4FC158B2B3C337C00616353 /* TextUITests */,
			);
		};
/* End PBXProject section */

/* Begin PBXResourcesBuildPhase section */
		D4FC15702B3C337B00616353 /* Resources */ = {
			isa = PBXResourcesBuildPhase;
			buildActionMask = 2147483647;
			files = (
				D4FC157D2B3C337C00616353 /* Preview Assets.xcassets in Resources */,
				D4FC157A2B3C337C00616353 /* Assets.xcassets in Resources */,
			);
			runOnlyForDeploymentPostprocessing = 0;
		};
		D4FC15802B3C337C00616353 /* Resources */ = {
			isa = PBXResourcesBuildPhase;
			buildActionMask = 2147483647;
			files = (
			);
			runOnlyForDeploymentPostprocessing = 0;
		};
		D4FC158A2B3C337C00616353 /* Resources */ = {
			isa = PBXResourcesBuildPhase;
			buildActionMask = 2147483647;
			files = (
			);
			runOnlyForDeploymentPostprocessing = 0;
		};
/* End PBXResourcesBuildPhase section */

/* Begin PBXSourcesBuildPhase section */
		D4FC156E2B3C337B00616353 /* Sources */ = {
			isa = PBXSourcesBuildPhase;
			buildActionMask = 2147483647;
			files = (
				D4FC15782B3C337B00616353 /* ContentView.swift in Sources */,
				D4FC15762B3C337B00616353 /* TextApp.swift in Sources */,
			);
			runOnlyForDeploymentPostprocessing = 0;
		};
		D4FC157E2B3C337C00616353 /* Sources */ = {
			isa = PBXSourcesBuildPhase;
			buildActionMask = 2147483647;
			files = (
				D4FC15872B3C337C00616353 /* TextTests.swift in Sources */,
			);
			runOnlyForDeploymentPostprocessing = 0;
		};
		D4FC15882B3C337C00616353 /* Sources */ = {
			isa = PBXSourcesBuildPhase;
			buildActionMask = 2147483647;
			files = (
				D4FC15912B3C337C00616353 /* TextUITests.swift in Sources */,
				D4FC15932B3C337C00616353 /* TextUITestsLaunchTests.swift in Sources */,
			);
			runOnlyForDeploymentPostprocessing = 0;
		};
/* End PBXSourcesBuildPhase section */

/* Begin PBXTargetDependency section */
		D4FC15842B3C337C00616353 /* PBXTargetDependency */ = {
			isa = PBXTargetDependency;
			target = D4FC15712B3C337B00616353 /* Text */;
			targetProxy = D4FC15832B3C337C00616353 /* PBXContainerItemProxy */;
		};
		D4FC158E2B3C337C00616353 /* PBXTargetDependency */ = {
			isa = PBXTargetDependency;
			target = D4FC15712B3C337B00616353 /* Text */;
			targetProxy = D4FC158D2B3C337C00616353 /* PBXContainerItemProxy */;
		};
/* End PBXTargetDependency section */

/* Begin XCBuildConfiguration section */
		D4FC15942B3C337C00616353 /* Debug */ = {
			isa = XCBuildConfiguration;
			buildSettings = {
				ALWAYS_SEARCH_USER_PATHS = NO;
				ASSETCATALOG_COMPILER_GENERATE_SWIFT_ASSET_SYMBOL_EXTENSIONS = YES;
				CLANG_ANALYZER_NONNULL = YES;
				CLANG_ANALYZER_NUMBER_OBJECT_CONVERSION = YES_AGGRESSIVE;
				CLANG_CXX_LANGUAGE_STANDARD = "gnu++20";
				CLANG_ENABLE_MODULES = YES;
				CLANG_ENABLE_OBJC_ARC = YES;
				CLANG_ENABLE_OBJC_WEAK = YES;
				CLANG_WARN_BLOCK_CAPTURE_AUTORELEASING = YES;
				CLANG_WARN_BOOL_CONVERSION = YES;
				CLANG_WARN_COMMA = YES;
				CLANG_WARN_CONSTANT_CONVERSION = YES;
				CLANG_WARN_DEPRECATED_OBJC_IMPLEMENTATIONS = YES;
				CLANG_WARN_DIRECT_OBJC_ISA_USAGE = YES_ERROR;
				CLANG_WARN_DOCUMENTATION_COMMENTS = YES;
				CLANG_WARN_EMPTY_BODY = YES;
				CLANG_WARN_ENUM_CONVERSION = YES;
				CLANG_WARN_INFINITE_RECURSION = YES;
				CLANG_WARN_INT_CONVERSION = YES;
				CLANG_WARN_NON_LITERAL_NULL_CONVERSION = YES;
				CLANG_WARN_OBJC_IMPLICIT_RETAIN_SELF = YES;
				CLANG_WARN_OBJC_LITERAL_CONVERSION = YES;
				CLANG_WARN_OBJC_ROOT_CLASS = YES_ERROR;
				CLANG_WARN_QUOTED_INCLUDE_IN_FRAMEWORK_HEADER = YES;
				CLANG_WARN_RANGE_LOOP_ANALYSIS = YES;
				CLANG_WARN_STRICT_PROTOTYPES = YES;
				CLANG_WARN_SUSPICIOUS_MOVE = YES;
				CLANG_WARN_UNGUARDED_AVAILABILITY = YES_AGGRESSIVE;
				CLANG_WARN_UNREACHABLE_CODE = YES;
				CLANG_WARN__DUPLICATE_METHOD_MATCH = YES;
				COPY_PHASE_STRIP = NO;
				DEBUG_INFORMATION_FORMAT = dwarf;
				ENABLE_STRICT_OBJC_MSGSEND = YES;
				ENABLE_TESTABILITY = YES;
				ENABLE_USER_SCRIPT_SANDBOXING = YES;
				GCC_C_LANGUAGE_STANDARD = gnu17;
				GCC_DYNAMIC_NO_PIC = NO;
				GCC_NO_COMMON_BLOCKS = YES;
				GCC_OPTIMIZATION_LEVEL = 0;
				GCC_PREPROCESSOR_DEFINITIONS = (
					"DEBUG=1",
					"$(inherited)",
				);
				GCC_WARN_64_TO_32_BIT_CONVERSION = YES;
				GCC_WARN_ABOUT_RETURN_TYPE = YES_ERROR;
				GCC_WARN_UNDECLARED_SELECTOR = YES;
				GCC_WARN_UNINITIALIZED_AUTOS = YES_AGGRESSIVE;
				GCC_WARN_UNUSED_FUNCTION = YES;
				GCC_WARN_UNUSED_VARIABLE = YES;
				IPHONEOS_DEPLOYMENT_TARGET = 17.2;
				LOCALIZATION_PREFERS_STRING_CATALOGS = YES;
				MTL_ENABLE_DEBUG_INFO = INCLUDE_SOURCE;
				MTL_FAST_MATH = YES;
				ONLY_ACTIVE_ARCH = YES;
				SDKROOT = iphoneos;
				SWIFT_ACTIVE_COMPILATION_CONDITIONS = "DEBUG $(inherited)";
				SWIFT_OPTIMIZATION_LEVEL = "-Onone";
			};
			name = Debug;
		};
		D4FC15952B3C337C00616353 /* Release */ = {
			isa = XCBuildConfiguration;
			buildSettings = {
				ALWAYS_SEARCH_USER_PATHS = NO;
				ASSETCATALOG_COMPILER_GENERATE_SWIFT_ASSET_SYMBOL_EXTENSIONS = YES;
				CLANG_ANALYZER_NONNULL = YES;
				CLANG_ANALYZER_NUMBER_OBJECT_CONVERSION = YES_AGGRESSIVE;
				CLANG_CXX_LANGUAGE_STANDARD = "gnu++20";
				CLANG_ENABLE_MODULES = YES;
				CLANG_ENABLE_OBJC_ARC = YES;
				CLANG_ENABLE_OBJC_WEAK = YES;
				CLANG_WARN_BLOCK_CAPTURE_AUTORELEASING = YES;
				CLANG_WARN_BOOL_CONVERSION = YES;
				CLANG_WARN_COMMA = YES;
				CLANG_WARN_CONSTANT_CONVERSION = YES;
				CLANG_WARN_DEPRECATED_OBJC_IMPLEMENTATIONS = YES;
				CLANG_WARN_DIRECT_OBJC_ISA_USAGE = YES_ERROR;
				CLANG_WARN_DOCUMENTATION_COMMENTS = YES;
				CLANG_WARN_EMPTY_BODY = YES;
				CLANG_WARN_ENUM_CONVERSION = YES;
				CLANG_WARN_INFINITE_RECURSION = YES;
				CLANG_WARN_INT_CONVERSION = YES;
				CLANG_WARN_NON_LITERAL_NULL_CONVERSION = YES;
				CLANG_WARN_OBJC_IMPLICIT_RETAIN_SELF = YES;
				CLANG_WARN_OBJC_LITERAL_CONVERSION = YES;
				CLANG_WARN_OBJC_ROOT_CLASS = YES_ERROR;
				CLANG_WARN_QUOTED_INCLUDE_IN_FRAMEWORK_HEADER = YES;
				CLANG_WARN_RANGE_LOOP_ANALYSIS = YES;
				CLANG_WARN_STRICT_PROTOTYPES = YES;
				CLANG_WARN_SUSPICIOUS_MOVE = YES;
				CLANG_WARN_UNGUARDED_AVAILABILITY = YES_AGGRESSIVE;
				CLANG_WARN_UNREACHABLE_CODE = YES;
				CLANG_WARN__DUPLICATE_METHOD_MATCH = YES;
				COPY_PHASE_STRIP = NO;
				DEBUG_INFORMATION_FORMAT = "dwarf-with-dsym";
				ENABLE_NS_ASSERTIONS = NO;
				ENABLE_STRICT_OBJC_MSGSEND = YES;
				ENABLE_USER_SCRIPT_SANDBOXING = YES;
				GCC_C_LANGUAGE_STANDARD = gnu17;
				GCC_NO_COMMON_BLOCKS = YES;
				GCC_WARN_64_TO_32_BIT_CONVERSION = YES;
				GCC_WARN_ABOUT_RETURN_TYPE = YES_ERROR;
				GCC_WARN_UNDECLARED_SELECTOR = YES;
				GCC_WARN_UNINITIALIZED_AUTOS = YES_AGGRESSIVE;
				GCC_WARN_UNUSED_FUNCTION = YES;
				GCC_WARN_UNUSED_VARIABLE = YES;
				IPHONEOS_DEPLOYMENT_TARGET = 17.2;
				LOCALIZATION_PREFERS_STRING_CATALOGS = YES;
				MTL_ENABLE_DEBUG_INFO = NO;
				MTL_FAST_MATH = YES;
				SDKROOT = iphoneos;
				SWIFT_COMPILATION_MODE = wholemodule;
				VALIDATE_PRODUCT = YES;
			};
			name = Release;
		};
		D4FC15972B3C337C00616353 /* Debug */ = {
			isa = XCBuildConfiguration;
			buildSettings = {
				ASSETCATALOG_COMPILER_APPICON_NAME = AppIcon;
				ASSETCATALOG_COMPILER_GLOBAL_ACCENT_COLOR_NAME = AccentColor;
				CODE_SIGN_STYLE = Automatic;
				CURRENT_PROJECT_VERSION = 1;
				DEVELOPMENT_ASSET_PATHS = "\"Text/Preview Content\"";
				DEVELOPMENT_TEAM = LPY59J6YN4;
				ENABLE_PREVIEWS = YES;
				GENERATE_INFOPLIST_FILE = YES;
				INFOPLIST_KEY_UIApplicationSceneManifest_Generation = YES;
				INFOPLIST_KEY_UIApplicationSupportsIndirectInputEvents = YES;
				INFOPLIST_KEY_UILaunchScreen_Generation = YES;
				INFOPLIST_KEY_UISupportedInterfaceOrientations_iPad = "UIInterfaceOrientationPortrait UIInterfaceOrientationPortraitUpsideDown UIInterfaceOrientationLandscapeLeft UIInterfaceOrientationLandscapeRight";
				INFOPLIST_KEY_UISupportedInterfaceOrientations_iPhone = "UIInterfaceOrientationPortrait UIInterfaceOrientationLandscapeLeft UIInterfaceOrientationLandscapeRight";
				LD_RUNPATH_SEARCH_PATHS = (
					"$(inherited)",
					"@executable_path/Frameworks",
				);
				MARKETING_VERSION = 1.0;
				PRODUCT_BUNDLE_IDENTIFIER = eyh.com.Text;
				PRODUCT_NAME = "$(TARGET_NAME)";
				SWIFT_EMIT_LOC_STRINGS = YES;
				SWIFT_VERSION = 5.0;
				TARGETED_DEVICE_FAMILY = "1,2";
			};
			name = Debug;
		};
		D4FC15982B3C337C00616353 /* Release */ = {
			isa = XCBuildConfiguration;
			buildSettings = {
				ASSETCATALOG_COMPILER_APPICON_NAME = AppIcon;
				ASSETCATALOG_COMPILER_GLOBAL_ACCENT_COLOR_NAME = AccentColor;
				CODE_SIGN_STYLE = Automatic;
				CURRENT_PROJECT_VERSION = 1;
				DEVELOPMENT_ASSET_PATHS = "\"Text/Preview Content\"";
				DEVELOPMENT_TEAM = LPY59J6YN4;
				ENABLE_PREVIEWS = YES;
				GENERATE_INFOPLIST_FILE = YES;
				INFOPLIST_KEY_UIApplicationSceneManifest_Generation = YES;
				INFOPLIST_KEY_UIApplicationSupportsIndirectInputEvents = YES;
				INFOPLIST_KEY_UILaunchScreen_Generation = YES;
				INFOPLIST_KEY_UISupportedInterfaceOrientations_iPad = "UIInterfaceOrientationPortrait UIInterfaceOrientationPortraitUpsideDown UIInterfaceOrientationLandscapeLeft UIInterfaceOrientationLandscapeRight";
				INFOPLIST_KEY_UISupportedInterfaceOrientations_iPhone = "UIInterfaceOrientationPortrait UIInterfaceOrientationLandscapeLeft UIInterfaceOrientationLandscapeRight";
				LD_RUNPATH_SEARCH_PATHS = (
					"$(inherited)",
					"@executable_path/Frameworks",
				);
				MARKETING_VERSION = 1.0;
				PRODUCT_BUNDLE_IDENTIFIER = eyh.com.Text;
				PRODUCT_NAME = "$(TARGET_NAME)";
				SWIFT_EMIT_LOC_STRINGS = YES;
				SWIFT_VERSION = 5.0;
				TARGETED_DEVICE_FAMILY = "1,2";
			};
			name = Release;
		};
		D4FC159A2B3C337C00616353 /* Debug */ = {
			isa = XCBuildConfiguration;
			buildSettings = {
				ALWAYS_EMBED_SWIFT_STANDARD_LIBRARIES = YES;
				BUNDLE_LOADER = "$(TEST_HOST)";
				CODE_SIGN_STYLE = Automatic;
				CURRENT_PROJECT_VERSION = 1;
				DEVELOPMENT_TEAM = LPY59J6YN4;
				GENERATE_INFOPLIST_FILE = YES;
				IPHONEOS_DEPLOYMENT_TARGET = 17.2;
				MARKETING_VERSION = 1.0;
				PRODUCT_BUNDLE_IDENTIFIER = eyh.com.TextTests;
				PRODUCT_NAME = "$(TARGET_NAME)";
				SWIFT_EMIT_LOC_STRINGS = NO;
				SWIFT_VERSION = 5.0;
				TARGETED_DEVICE_FAMILY = "1,2";
				TEST_HOST = "$(BUILT_PRODUCTS_DIR)/Text.app/$(BUNDLE_EXECUTABLE_FOLDER_PATH)/Text";
			};
			name = Debug;
		};
		D4FC159B2B3C337C00616353 /* Release */ = {
			isa = XCBuildConfiguration;
			buildSettings = {
				ALWAYS_EMBED_SWIFT_STANDARD_LIBRARIES = YES;
				BUNDLE_LOADER = "$(TEST_HOST)";
				CODE_SIGN_STYLE = Automatic;
				CURRENT_PROJECT_VERSION = 1;
				DEVELOPMENT_TEAM = LPY59J6YN4;
				GENERATE_INFOPLIST_FILE = YES;
				IPHONEOS_DEPLOYMENT_TARGET = 17.2;
				MARKETING_VERSION = 1.0;
				PRODUCT_BUNDLE_IDENTIFIER = eyh.com.TextTests;
				PRODUCT_NAME = "$(TARGET_NAME)";
				SWIFT_EMIT_LOC_STRINGS = NO;
				SWIFT_VERSION = 5.0;
				TARGETED_DEVICE_FAMILY = "1,2";
				TEST_HOST = "$(BUILT_PRODUCTS_DIR)/Text.app/$(BUNDLE_EXECUTABLE_FOLDER_PATH)/Text";
			};
			name = Release;
		};
		D4FC159D2B3C337C00616353 /* Debug */ = {
			isa = XCBuildConfiguration;
			buildSettings = {
				ALWAYS_EMBED_SWIFT_STANDARD_LIBRARIES = YES;
				CODE_SIGN_STYLE = Automatic;
				CURRENT_PROJECT_VERSION = 1;
				DEVELOPMENT_TEAM = LPY59J6YN4;
				GENERATE_INFOPLIST_FILE = YES;
				MARKETING_VERSION = 1.0;
				PRODUCT_BUNDLE_IDENTIFIER = eyh.com.TextUITests;
				PRODUCT_NAME = "$(TARGET_NAME)";
				SWIFT_EMIT_LOC_STRINGS = NO;
				SWIFT_VERSION = 5.0;
				TARGETED_DEVICE_FAMILY = "1,2";
				TEST_TARGET_NAME = Text;
			};
			name = Debug;
		};
		D4FC159E2B3C337C00616353 /* Release */ = {
			isa = XCBuildConfiguration;
			buildSettings = {
				ALWAYS_EMBED_SWIFT_STANDARD_LIBRARIES = YES;
				CODE_SIGN_STYLE = Automatic;
				CURRENT_PROJECT_VERSION = 1;
				DEVELOPMENT_TEAM = LPY59J6YN4;
				GENERATE_INFOPLIST_FILE = YES;
				MARKETING_VERSION = 1.0;
				PRODUCT_BUNDLE_IDENTIFIER = eyh.com.TextUITests;
				PRODUCT_NAME = "$(TARGET_NAME)";
				SWIFT_EMIT_LOC_STRINGS = NO;
				SWIFT_VERSION = 5.0;
				TARGETED_DEVICE_FAMILY = "1,2";
				TEST_TARGET_NAME = Text;
			};
			name = Release;
		};
/* End XCBuildConfiguration section */

/* Begin XCConfigurationList section */
		D4FC156D2B3C337B00616353 /* Build configuration list for PBXProject "Text" */ = {
			isa = XCConfigurationList;
			buildConfigurations = (
				D4FC15942B3C337C00616353 /* Debug */,
				D4FC15952B3C337C00616353 /* Release */,
			);
			defaultConfigurationIsVisible = 0;
			defaultConfigurationName = Release;
		};
		D4FC15962B3C337C00616353 /* Build configuration list for PBXNativeTarget "Text" */ = {
			isa = XCConfigurationList;
			buildConfigurations = (
				D4FC15972B3C337C00616353 /* Debug */,
				D4FC15982B3C337C00616353 /* Release */,
			);
			defaultConfigurationIsVisible = 0;
			defaultConfigurationName = Release;
		};
		D4FC15992B3C337C00616353 /* Build configuration list for PBXNativeTarget "TextTests" */ = {
			isa = XCConfigurationList;
			buildConfigurations = (
				D4FC159A2B3C337C00616353 /* Debug */,
				D4FC159B2B3C337C00616353 /* Release */,
			);
			defaultConfigurationIsVisible = 0;
			defaultConfigurationName = Release;
		};
		D4FC159C2B3C337C00616353 /* Build configuration list for PBXNativeTarget "TextUITests" */ = {
			isa = XCConfigurationList;
			buildConfigurations = (
				D4FC159D2B3C337C00616353 /* Debug */,
				D4FC159E2B3C337C00616353 /* Release */,
			);
			defaultConfigurationIsVisible = 0;
			defaultConfigurationName = Release;
		};
/* End XCConfigurationList section */
	};
	rootObject = D4FC156A2B3C337B00616353 /* Project object */;
}
